
Microsoft Visual Studio Solution File, Format Version 12.00
# Visual Studio 2013
VisualStudioVersion = 12.0.30501.0
MinimumVisualStudioVersion = 10.0.40219.1
Project("{FAE04EC0-301F-11D3-BF4B-00C04F79EFBC}") = "BicycleRace", "BicycleRace\BicycleRace.csproj", "{EC7D119E-3111-4BE8-9888-6A3EA22FC6DD}"
EndProject
Global
	GlobalSection(SolutionConfigurationPlatforms) = preSolution
		Debug|Any CPU = Debug|Any CPU
		Release|Any CPU = Release|Any CPU
	EndGlobalSection
	GlobalSection(ProjectConfigurationPlatforms) = postSolution
		{EC7D119E-3111-4BE8-9888-6A3EA22FC6DD}.Debug|Any CPU.ActiveCfg = Debug|Any CPU
		{EC7D119E-3111-4BE8-9888-6A3EA22FC6DD}.Debug|Any CPU.Build.0 = Debug|Any CPU
		{EC7D119E-3111-4BE8-9888-6A3EA22FC6DD}.Release|Any CPU.ActiveCfg = Release|Any CPU
		{EC7D119E-3111-4BE8-9888-6A3EA22FC6DD}.Release|Any CPU.Build.0 = Release|Any CPU
	EndGlobalSection
	GlobalSection(SolutionProperties) = preSolution
		HideSolutionNode = FALSE
	EndGlobalSection
EndGlobal
